
Microsoft Visual Studio Solution File, Format Version 12.00
# Visual Studio 2012
Project("{FAE04EC0-301F-11D3-BF4B-00C04F79EFBC}") = "NaiveBayes", "NaiveBayes.csproj", "{917883FB-804F-4529-BD18-CB12182A1E3C}"
EndProject
Project("{FAE04EC0-301F-11D3-BF4B-00C04F79EFBC}") = "NaiveBayesTests", "..\NaiveBayesTests\NaiveBayesTests.csproj", "{BBFD2AEA-6A78-48DF-8D7B-2331832EB127}"
EndProject
Global
	GlobalSection(TeamFoundationVersionControl) = preSolution
		SccNumberOfProjects = 3
		SccEnterpriseProvider = {4CA58AB2-18FA-4F8D-95D4-32DDF27D184C}
		SccTeamFoundationServer = https://tfs.codeplex.com/tfs/tfs23
		SccLocalPath0 = .
		SccProjectUniqueName1 = NaiveBayes.csproj
		SccLocalPath1 = .
		SccProjectUniqueName2 = ..\\NaiveBayesTests\\NaiveBayesTests.csproj
		SccProjectName2 = ../NaiveBayesTests
		SccLocalPath2 = ..\\NaiveBayesTests
	EndGlobalSection
	GlobalSection(SolutionConfigurationPlatforms) = preSolution
		Debug|Any CPU = Debug|Any CPU
		Release|Any CPU = Release|Any CPU
	EndGlobalSection
	GlobalSection(ProjectConfigurationPlatforms) = postSolution
		{917883FB-804F-4529-BD18-CB12182A1E3C}.Debug|Any CPU.ActiveCfg = Debug|Any CPU
		{917883FB-804F-4529-BD18-CB12182A1E3C}.Debug|Any CPU.Build.0 = Debug|Any CPU
		{917883FB-804F-4529-BD18-CB12182A1E3C}.Release|Any CPU.ActiveCfg = Release|Any CPU
		{917883FB-804F-4529-BD18-CB12182A1E3C}.Release|Any CPU.Build.0 = Release|Any CPU
		{BBFD2AEA-6A78-48DF-8D7B-2331832EB127}.Debug|Any CPU.ActiveCfg = Debug|Any CPU
		{BBFD2AEA-6A78-48DF-8D7B-2331832EB127}.Debug|Any CPU.Build.0 = Debug|Any CPU
		{BBFD2AEA-6A78-48DF-8D7B-2331832EB127}.Release|Any CPU.ActiveCfg = Release|Any CPU
		{BBFD2AEA-6A78-48DF-8D7B-2331832EB127}.Release|Any CPU.Build.0 = Release|Any CPU
	EndGlobalSection
	GlobalSection(SolutionProperties) = preSolution
		HideSolutionNode = FALSE
	EndGlobalSection
EndGlobal
